// !$*UTF8*$!
{
	archiveVersion = 1;
	classes = {
	};
	objectVersion = 56;
	objects = {

/* Begin PBXBuildFile section */
		529D3D8C2B416BF600F8F4A1 /* ComposableArchitecture in Frameworks */ = {isa = PBXBuildFile; productRef = 529D3D8B2B416BF600F8F4A1 /* ComposableArchitecture */; };
		529D3D8E2B4184AE00F8F4A1 /* AudioRecorderClient.swift in Sources */ = {isa = PBXBuildFile; fileRef = 529D3D8D2B4184AE00F8F4A1 /* AudioRecorderClient.swift */; };
		529D3D902B4452DB00F8F4A1 /* OpenSettings.swift in Sources */ = {isa = PBXBuildFile; fileRef = 529D3D8F2B4452DB00F8F4A1 /* OpenSettings.swift */; };
		529D3D922B4566AE00F8F4A1 /* AudioRecorderFeature.swift in Sources */ = {isa = PBXBuildFile; fileRef = 529D3D912B4566AE00F8F4A1 /* AudioRecorderFeature.swift */; };
		529D3D942B45673500F8F4A1 /* AudioRecordFeature.swift in Sources */ = {isa = PBXBuildFile; fileRef = 529D3D932B45673500F8F4A1 /* AudioRecordFeature.swift */; };
		529D3D962B4573BE00F8F4A1 /* TemporaryDirectory.swift in Sources */ = {isa = PBXBuildFile; fileRef = 529D3D952B4573BE00F8F4A1 /* TemporaryDirectory.swift */; };
		52B06C092B4710C100601321 /* TestableView.swift in Sources */ = {isa = PBXBuildFile; fileRef = 52B06C082B4710C100601321 /* TestableView.swift */; };
		52B06C0B2B48293D00601321 /* Helpers.swift in Sources */ = {isa = PBXBuildFile; fileRef = 52B06C0A2B48293D00601321 /* Helpers.swift */; };
		52D6AA912B415E7600352CC4 /* AudioRecorderSampleApp.swift in Sources */ = {isa = PBXBuildFile; fileRef = 52D6AA902B415E7600352CC4 /* AudioRecorderSampleApp.swift */; };
		52D6AA932B415E7600352CC4 /* ContentView.swift in Sources */ = {isa = PBXBuildFile; fileRef = 52D6AA922B415E7600352CC4 /* ContentView.swift */; };
		52D6AA952B415E7700352CC4 /* Assets.xcassets in Resources */ = {isa = PBXBuildFile; fileRef = 52D6AA942B415E7700352CC4 /* Assets.xcassets */; };
		52D6AA982B415E7700352CC4 /* Preview Assets.xcassets in Resources */ = {isa = PBXBuildFile; fileRef = 52D6AA972B415E7700352CC4 /* Preview Assets.xcassets */; };
/* End PBXBuildFile section */

/* Begin PBXFileReference section */
		529D3D8D2B4184AE00F8F4A1 /* AudioRecorderClient.swift */ = {isa = PBXFileReference; lastKnownFileType = sourcecode.swift; path = AudioRecorderClient.swift; sourceTree = "<group>"; };
		529D3D8F2B4452DB00F8F4A1 /* OpenSettings.swift */ = {isa = PBXFileReference; lastKnownFileType = sourcecode.swift; path = OpenSettings.swift; sourceTree = "<group>"; };
		529D3D912B4566AE00F8F4A1 /* AudioRecorderFeature.swift */ = {isa = PBXFileReference; lastKnownFileType = sourcecode.swift; path = AudioRecorderFeature.swift; sourceTree = "<group>"; };
		529D3D932B45673500F8F4A1 /* AudioRecordFeature.swift */ = {isa = PBXFileReference; lastKnownFileType = sourcecode.swift; path = AudioRecordFeature.swift; sourceTree = "<group>"; };
		529D3D952B4573BE00F8F4A1 /* TemporaryDirectory.swift */ = {isa = PBXFileReference; lastKnownFileType = sourcecode.swift; path = TemporaryDirectory.swift; sourceTree = "<group>"; };
		52B06C082B4710C100601321 /* TestableView.swift */ = {isa = PBXFileReference; lastKnownFileType = sourcecode.swift; path = TestableView.swift; sourceTree = "<group>"; };
		52B06C0A2B48293D00601321 /* Helpers.swift */ = {isa = PBXFileReference; lastKnownFileType = sourcecode.swift; path = Helpers.swift; sourceTree = "<group>"; };
		52D6AA8D2B415E7600352CC4 /* AudioRecorderSample.app */ = {isa = PBXFileReference; explicitFileType = wrapper.application; includeInIndex = 0; path = AudioRecorderSample.app; sourceTree = BUILT_PRODUCTS_DIR; };
		52D6AA902B415E7600352CC4 /* AudioRecorderSampleApp.swift */ = {isa = PBXFileReference; lastKnownFileType = sourcecode.swift; path = AudioRecorderSampleApp.swift; sourceTree = "<group>"; };
		52D6AA922B415E7600352CC4 /* ContentView.swift */ = {isa = PBXFileReference; lastKnownFileType = sourcecode.swift; path = ContentView.swift; sourceTree = "<group>"; };
		52D6AA942B415E7700352CC4 /* Assets.xcassets */ = {isa = PBXFileReference; lastKnownFileType = folder.assetcatalog; path = Assets.xcassets; sourceTree = "<group>"; };
		52D6AA972B415E7700352CC4 /* Preview Assets.xcassets */ = {isa = PBXFileReference; lastKnownFileType = folder.assetcatalog; path = "Preview Assets.xcassets"; sourceTree = "<group>"; };
/* End PBXFileReference section */

/* Begin PBXFrameworksBuildPhase section */
		52D6AA8A2B415E7600352CC4 /* Frameworks */ = {
			isa = PBXFrameworksBuildPhase;
			buildActionMask = 2147483647;
			files = (
				529D3D8C2B416BF600F8F4A1 /* ComposableArchitecture in Frameworks */,
			);
			runOnlyForDeploymentPostprocessing = 0;
		};
/* End PBXFrameworksBuildPhase section */

/* Begin PBXGroup section */
		529D3D8A2B416BF500F8F4A1 /* Frameworks */ = {
			isa = PBXGroup;
			children = (
			);
			name = Frameworks;
			sourceTree = "<group>";
		};
		52D6AA842B415E7600352CC4 = {
			isa = PBXGroup;
			children = (
				52D6AA8F2B415E7600352CC4 /* AudioRecorderSample */,
				52D6AA8E2B415E7600352CC4 /* Products */,
				529D3D8A2B416BF500F8F4A1 /* Frameworks */,
			);
			sourceTree = "<group>";
		};
		52D6AA8E2B415E7600352CC4 /* Products */ = {
			isa = PBXGroup;
			children = (
				52D6AA8D2B415E7600352CC4 /* AudioRecorderSample.app */,
			);
			name = Products;
			sourceTree = "<group>";
		};
		52D6AA8F2B415E7600352CC4 /* AudioRecorderSample */ = {
			isa = PBXGroup;
			children = (
				52D6AA902B415E7600352CC4 /* AudioRecorderSampleApp.swift */,
				52D6AA922B415E7600352CC4 /* ContentView.swift */,
				529D3D932B45673500F8F4A1 /* AudioRecordFeature.swift */,
				52B06C0A2B48293D00601321 /* Helpers.swift */,
				529D3D912B4566AE00F8F4A1 /* AudioRecorderFeature.swift */,
				529D3D8D2B4184AE00F8F4A1 /* AudioRecorderClient.swift */,
				529D3D8F2B4452DB00F8F4A1 /* OpenSettings.swift */,
				529D3D952B4573BE00F8F4A1 /* TemporaryDirectory.swift */,
				52B06C082B4710C100601321 /* TestableView.swift */,
				52D6AA942B415E7700352CC4 /* Assets.xcassets */,
				52D6AA962B415E7700352CC4 /* Preview Content */,
			);
			path = AudioRecorderSample;
			sourceTree = "<group>";
		};
		52D6AA962B415E7700352CC4 /* Preview Content */ = {
			isa = PBXGroup;
			children = (
				52D6AA972B415E7700352CC4 /* Preview Assets.xcassets */,
			);
			path = "Preview Content";
			sourceTree = "<group>";
		};
/* End PBXGroup section */

/* Begin PBXNativeTarget section */
		52D6AA8C2B415E7600352CC4 /* AudioRecorderSample */ = {
			isa = PBXNativeTarget;
			buildConfigurationList = 52D6AA9B2B415E7700352CC4 /* Build configuration list for PBXNativeTarget "AudioRecorderSample" */;
			buildPhases = (
				52D6AA892B415E7600352CC4 /* Sources */,
				52D6AA8A2B415E7600352CC4 /* Frameworks */,
				52D6AA8B2B415E7600352CC4 /* Resources */,
			);
			buildRules = (
			);
			dependencies = (
			);
			name = AudioRecorderSample;
			packageProductDependencies = (
				529D3D8B2B416BF600F8F4A1 /* ComposableArchitecture */,
			);
			productName = AudioRecorderSample;
			productReference = 52D6AA8D2B415E7600352CC4 /* AudioRecorderSample.app */;
			productType = "com.apple.product-type.application";
		};
/* End PBXNativeTarget section */

/* Begin PBXProject section */
		52D6AA852B415E7600352CC4 /* Project object */ = {
			isa = PBXProject;
			attributes = {
				BuildIndependentTargetsInParallel = 1;
				LastSwiftUpdateCheck = 1510;
				LastUpgradeCheck = 1510;
				TargetAttributes = {
					52D6AA8C2B415E7600352CC4 = {
						CreatedOnToolsVersion = 15.1;
					};
				};
			};
			buildConfigurationList = 52D6AA882B415E7600352CC4 /* Build configuration list for PBXProject "AudioRecorderSample" */;
			compatibilityVersion = "Xcode 14.0";
			developmentRegion = en;
			hasScannedForEncodings = 0;
			knownRegions = (
				en,
				Base,
			);
			mainGroup = 52D6AA842B415E7600352CC4;
			packageReferences = (
				52D6AA9E2B415FAD00352CC4 /* XCRemoteSwiftPackageReference "swift-composable-architecture" */,
			);
			productRefGroup = 52D6AA8E2B415E7600352CC4 /* Products */;
			projectDirPath = "";
			projectRoot = "";
			targets = (
				52D6AA8C2B415E7600352CC4 /* AudioRecorderSample */,
			);
		};
/* End PBXProject section */

/* Begin PBXResourcesBuildPhase section */
		52D6AA8B2B415E7600352CC4 /* Resources */ = {
			isa = PBXResourcesBuildPhase;
			buildActionMask = 2147483647;
			files = (
				52D6AA982B415E7700352CC4 /* Preview Assets.xcassets in Resources */,
				52D6AA952B415E7700352CC4 /* Assets.xcassets in Resources */,
			);
			runOnlyForDeploymentPostprocessing = 0;
		};
/* End PBXResourcesBuildPhase section */

/* Begin PBXSourcesBuildPhase section */
		52D6AA892B415E7600352CC4 /* Sources */ = {
			isa = PBXSourcesBuildPhase;
			buildActionMask = 2147483647;
			files = (
				529D3D922B4566AE00F8F4A1 /* AudioRecorderFeature.swift in Sources */,
				529D3D962B4573BE00F8F4A1 /* TemporaryDirectory.swift in Sources */,
				529D3D902B4452DB00F8F4A1 /* OpenSettings.swift in Sources */,
				529D3D8E2B4184AE00F8F4A1 /* AudioRecorderClient.swift in Sources */,
				52B06C0B2B48293D00601321 /* Helpers.swift in Sources */,
				52B06C092B4710C100601321 /* TestableView.swift in Sources */,
				52D6AA932B415E7600352CC4 /* ContentView.swift in Sources */,
				529D3D942B45673500F8F4A1 /* AudioRecordFeature.swift in Sources */,
				52D6AA912B415E7600352CC4 /* AudioRecorderSampleApp.swift in Sources */,
			);
			runOnlyForDeploymentPostprocessing = 0;
		};
/* End PBXSourcesBuildPhase section */

/* Begin XCBuildConfiguration section */
		52D6AA992B415E7700352CC4 /* Debug */ = {
			isa = XCBuildConfiguration;
			buildSettings = {
				ALWAYS_SEARCH_USER_PATHS = NO;
				ASSETCATALOG_COMPILER_GENERATE_SWIFT_ASSET_SYMBOL_EXTENSIONS = YES;
				CLANG_ANALYZER_NONNULL = YES;
				CLANG_ANALYZER_NUMBER_OBJECT_CONVERSION = YES_AGGRESSIVE;
				CLANG_CXX_LANGUAGE_STANDARD = "gnu++20";
				CLANG_ENABLE_MODULES = YES;
				CLANG_ENABLE_OBJC_ARC = YES;
				CLANG_ENABLE_OBJC_WEAK = YES;
				CLANG_WARN_BLOCK_CAPTURE_AUTORELEASING = YES;
				CLANG_WARN_BOOL_CONVERSION = YES;
				CLANG_WARN_COMMA = YES;
				CLANG_WARN_CONSTANT_CONVERSION = YES;
				CLANG_WARN_DEPRECATED_OBJC_IMPLEMENTATIONS = YES;
				CLANG_WARN_DIRECT_OBJC_ISA_USAGE = YES_ERROR;
				CLANG_WARN_DOCUMENTATION_COMMENTS = YES;
				CLANG_WARN_EMPTY_BODY = YES;
				CLANG_WARN_ENUM_CONVERSION = YES;
				CLANG_WARN_INFINITE_RECURSION = YES;
				CLANG_WARN_INT_CONVERSION = YES;
				CLANG_WARN_NON_LITERAL_NULL_CONVERSION = YES;
				CLANG_WARN_OBJC_IMPLICIT_RETAIN_SELF = YES;
				CLANG_WARN_OBJC_LITERAL_CONVERSION = YES;
				CLANG_WARN_OBJC_ROOT_CLASS = YES_ERROR;
				CLANG_WARN_QUOTED_INCLUDE_IN_FRAMEWORK_HEADER = YES;
				CLANG_WARN_RANGE_LOOP_ANALYSIS = YES;
				CLANG_WARN_STRICT_PROTOTYPES = YES;
				CLANG_WARN_SUSPICIOUS_MOVE = YES;
				CLANG_WARN_UNGUARDED_AVAILABILITY = YES_AGGRESSIVE;
				CLANG_WARN_UNREACHABLE_CODE = YES;
				CLANG_WARN__DUPLICATE_METHOD_MATCH = YES;
				COPY_PHASE_STRIP = NO;
				DEBUG_INFORMATION_FORMAT = dwarf;
				ENABLE_STRICT_OBJC_MSGSEND = YES;
				ENABLE_TESTABILITY = YES;
				ENABLE_USER_SCRIPT_SANDBOXING = YES;
				GCC_C_LANGUAGE_STANDARD = gnu17;
				GCC_DYNAMIC_NO_PIC = NO;
				GCC_NO_COMMON_BLOCKS = YES;
				GCC_OPTIMIZATION_LEVEL = 0;
				GCC_PREPROCESSOR_DEFINITIONS = (
					"DEBUG=1",
					"$(inherited)",
				);
				GCC_WARN_64_TO_32_BIT_CONVERSION = YES;
				GCC_WARN_ABOUT_RETURN_TYPE = YES_ERROR;
				GCC_WARN_UNDECLARED_SELECTOR = YES;
				GCC_WARN_UNINITIALIZED_AUTOS = YES_AGGRESSIVE;
				GCC_WARN_UNUSED_FUNCTION = YES;
				GCC_WARN_UNUSED_VARIABLE = YES;
				IPHONEOS_DEPLOYMENT_TARGET = 17.0;
				LOCALIZATION_PREFERS_STRING_CATALOGS = YES;
				MTL_ENABLE_DEBUG_INFO = INCLUDE_SOURCE;
				MTL_FAST_MATH = YES;
				ONLY_ACTIVE_ARCH = YES;
				SDKROOT = iphoneos;
				SWIFT_ACTIVE_COMPILATION_CONDITIONS = "DEBUG $(inherited)";
				SWIFT_OPTIMIZATION_LEVEL = "-Onone";
			};
			name = Debug;
		};
		52D6AA9A2B415E7700352CC4 /* Release */ = {
			isa = XCBuildConfiguration;
			buildSettings = {
				ALWAYS_SEARCH_USER_PATHS = NO;
				ASSETCATALOG_COMPILER_GENERATE_SWIFT_ASSET_SYMBOL_EXTENSIONS = YES;
				CLANG_ANALYZER_NONNULL = YES;
				CLANG_ANALYZER_NUMBER_OBJECT_CONVERSION = YES_AGGRESSIVE;
				CLANG_CXX_LANGUAGE_STANDARD = "gnu++20";
				CLANG_ENABLE_MODULES = YES;
				CLANG_ENABLE_OBJC_ARC = YES;
				CLANG_ENABLE_OBJC_WEAK = YES;
				CLANG_WARN_BLOCK_CAPTURE_AUTORELEASING = YES;
				CLANG_WARN_BOOL_CONVERSION = YES;
				CLANG_WARN_COMMA = YES;
				CLANG_WARN_CONSTANT_CONVERSION = YES;
				CLANG_WARN_DEPRECATED_OBJC_IMPLEMENTATIONS = YES;
				CLANG_WARN_DIRECT_OBJC_ISA_USAGE = YES_ERROR;
				CLANG_WARN_DOCUMENTATION_COMMENTS = YES;
				CLANG_WARN_EMPTY_BODY = YES;
				CLANG_WARN_ENUM_CONVERSION = YES;
				CLANG_WARN_INFINITE_RECURSION = YES;
				CLANG_WARN_INT_CONVERSION = YES;
				CLANG_WARN_NON_LITERAL_NULL_CONVERSION = YES;
				CLANG_WARN_OBJC_IMPLICIT_RETAIN_SELF = YES;
				CLANG_WARN_OBJC_LITERAL_CONVERSION = YES;
				CLANG_WARN_OBJC_ROOT_CLASS = YES_ERROR;
				CLANG_WARN_QUOTED_INCLUDE_IN_FRAMEWORK_HEADER = YES;
				CLANG_WARN_RANGE_LOOP_ANALYSIS = YES;
				CLANG_WARN_STRICT_PROTOTYPES = YES;
				CLANG_WARN_SUSPICIOUS_MOVE = YES;
				CLANG_WARN_UNGUARDED_AVAILABILITY = YES_AGGRESSIVE;
				CLANG_WARN_UNREACHABLE_CODE = YES;
				CLANG_WARN__DUPLICATE_METHOD_MATCH = YES;
				COPY_PHASE_STRIP = NO;
				DEBUG_INFORMATION_FORMAT = "dwarf-with-dsym";
				ENABLE_NS_ASSERTIONS = NO;
				ENABLE_STRICT_OBJC_MSGSEND = YES;
				ENABLE_USER_SCRIPT_SANDBOXING = YES;
				GCC_C_LANGUAGE_STANDARD = gnu17;
				GCC_NO_COMMON_BLOCKS = YES;
				GCC_WARN_64_TO_32_BIT_CONVERSION = YES;
				GCC_WARN_ABOUT_RETURN_TYPE = YES_ERROR;
				GCC_WARN_UNDECLARED_SELECTOR = YES;
				GCC_WARN_UNINITIALIZED_AUTOS = YES_AGGRESSIVE;
				GCC_WARN_UNUSED_FUNCTION = YES;
				GCC_WARN_UNUSED_VARIABLE = YES;
				IPHONEOS_DEPLOYMENT_TARGET = 17.0;
				LOCALIZATION_PREFERS_STRING_CATALOGS = YES;
				MTL_ENABLE_DEBUG_INFO = NO;
				MTL_FAST_MATH = YES;
				SDKROOT = iphoneos;
				SWIFT_COMPILATION_MODE = wholemodule;
				VALIDATE_PRODUCT = YES;
			};
			name = Release;
		};
		52D6AA9C2B415E7700352CC4 /* Debug */ = {
			isa = XCBuildConfiguration;
			buildSettings = {
				ASSETCATALOG_COMPILER_APPICON_NAME = AppIcon;
				ASSETCATALOG_COMPILER_GLOBAL_ACCENT_COLOR_NAME = AccentColor;
				CODE_SIGN_STYLE = Automatic;
				CURRENT_PROJECT_VERSION = 1;
				DEVELOPMENT_ASSET_PATHS = "\"AudioRecorderSample/Preview Content\"";
				DEVELOPMENT_TEAM = 3PTYV272Z4;
				ENABLE_PREVIEWS = YES;
				GENERATE_INFOPLIST_FILE = YES;
				INFOPLIST_KEY_NSMicrophoneUsageDescription = "Your microphone will be used to record your speech when you press the \"Start Recording\" button.";
				INFOPLIST_KEY_UIApplicationSceneManifest_Generation = YES;
				INFOPLIST_KEY_UIApplicationSupportsIndirectInputEvents = YES;
				INFOPLIST_KEY_UILaunchScreen_Generation = YES;
				INFOPLIST_KEY_UISupportedInterfaceOrientations_iPad = "UIInterfaceOrientationPortrait UIInterfaceOrientationPortraitUpsideDown UIInterfaceOrientationLandscapeLeft UIInterfaceOrientationLandscapeRight";
				INFOPLIST_KEY_UISupportedInterfaceOrientations_iPhone = "UIInterfaceOrientationPortrait UIInterfaceOrientationLandscapeLeft UIInterfaceOrientationLandscapeRight";
				IPHONEOS_DEPLOYMENT_TARGET = 17.0;
				LD_RUNPATH_SEARCH_PATHS = (
					"$(inherited)",
					"@executable_path/Frameworks",
				);
				MARKETING_VERSION = 1.0;
				PRODUCT_BUNDLE_IDENTIFIER = com.kr.ssh.AudioRecorderSample;
				PRODUCT_NAME = "$(TARGET_NAME)";
				SWIFT_EMIT_LOC_STRINGS = YES;
				SWIFT_VERSION = 5.0;
				TARGETED_DEVICE_FAMILY = "1,2";
			};
			name = Debug;
		};
		52D6AA9D2B415E7700352CC4 /* Release */ = {
			isa = XCBuildConfiguration;
			buildSettings = {
				ASSETCATALOG_COMPILER_APPICON_NAME = AppIcon;
				ASSETCATALOG_COMPILER_GLOBAL_ACCENT_COLOR_NAME = AccentColor;
				CODE_SIGN_STYLE = Automatic;
				CURRENT_PROJECT_VERSION = 1;
				DEVELOPMENT_ASSET_PATHS = "\"AudioRecorderSample/Preview Content\"";
				DEVELOPMENT_TEAM = 3PTYV272Z4;
				ENABLE_PREVIEWS = YES;
				GENERATE_INFOPLIST_FILE = YES;
				INFOPLIST_KEY_NSMicrophoneUsageDescription = "Your microphone will be used to record your speech when you press the \"Start Recording\" button.";
				INFOPLIST_KEY_UIApplicationSceneManifest_Generation = YES;
				INFOPLIST_KEY_UIApplicationSupportsIndirectInputEvents = YES;
				INFOPLIST_KEY_UILaunchScreen_Generation = YES;
				INFOPLIST_KEY_UISupportedInterfaceOrientations_iPad = "UIInterfaceOrientationPortrait UIInterfaceOrientationPortraitUpsideDown UIInterfaceOrientationLandscapeLeft UIInterfaceOrientationLandscapeRight";
				INFOPLIST_KEY_UISupportedInterfaceOrientations_iPhone = "UIInterfaceOrientationPortrait UIInterfaceOrientationLandscapeLeft UIInterfaceOrientationLandscapeRight";
				IPHONEOS_DEPLOYMENT_TARGET = 17.0;
				LD_RUNPATH_SEARCH_PATHS = (
					"$(inherited)",
					"@executable_path/Frameworks",
				);
				MARKETING_VERSION = 1.0;
				PRODUCT_BUNDLE_IDENTIFIER = com.kr.ssh.AudioRecorderSample;
				PRODUCT_NAME = "$(TARGET_NAME)";
				SWIFT_EMIT_LOC_STRINGS = YES;
				SWIFT_VERSION = 5.0;
				TARGETED_DEVICE_FAMILY = "1,2";
			};
			name = Release;
		};
/* End XCBuildConfiguration section */

/* Begin XCConfigurationList section */
		52D6AA882B415E7600352CC4 /* Build configuration list for PBXProject "AudioRecorderSample" */ = {
			isa = XCConfigurationList;
			buildConfigurations = (
				52D6AA992B415E7700352CC4 /* Debug */,
				52D6AA9A2B415E7700352CC4 /* Release */,
			);
			defaultConfigurationIsVisible = 0;
			defaultConfigurationName = Release;
		};
		52D6AA9B2B415E7700352CC4 /* Build configuration list for PBXNativeTarget "AudioRecorderSample" */ = {
			isa = XCConfigurationList;
			buildConfigurations = (
				52D6AA9C2B415E7700352CC4 /* Debug */,
				52D6AA9D2B415E7700352CC4 /* Release */,
			);
			defaultConfigurationIsVisible = 0;
			defaultConfigurationName = Release;
		};
/* End XCConfigurationList section */

/* Begin XCRemoteSwiftPackageReference section */
		52D6AA9E2B415FAD00352CC4 /* XCRemoteSwiftPackageReference "swift-composable-architecture" */ = {
			isa = XCRemoteSwiftPackageReference;
			repositoryURL = "https://github.com/pointfreeco/swift-composable-architecture.git";
			requirement = {
				branch = "observation-pt3";
				kind = branch;
			};
		};
/* End XCRemoteSwiftPackageReference section */

/* Begin XCSwiftPackageProductDependency section */
		529D3D8B2B416BF600F8F4A1 /* ComposableArchitecture */ = {
			isa = XCSwiftPackageProductDependency;
			package = 52D6AA9E2B415FAD00352CC4 /* XCRemoteSwiftPackageReference "swift-composable-architecture" */;
			productName = ComposableArchitecture;
		};
/* End XCSwiftPackageProductDependency section */
	};
	rootObject = 52D6AA852B415E7600352CC4 /* Project object */;
}
